
Microsoft Visual Studio Solution File, Format Version 12.00
# Visual Studio Version 17
VisualStudioVersion = 17.11.35303.130
MinimumVisualStudioVersion = 10.0.40219.1
Project("{C9674DCB-5085-4A16-B785-4C70DD1589BD}") = "Practice_SSIS", "Practice\Practice_SSIS.dtproj", "{CEAE6CAA-D23D-4BDD-B530-E9CB43C56F4D}"
EndProject
Project("{D2ABAB84-BF74-430A-B69E-9DC6D40DDA17}") = "SSAS", "SSAS\SSAS.dwproj", "{1B0A5765-3B38-4E19-AE6F-A81BD2BBFA36}"
EndProject
Global
	GlobalSection(SolutionConfigurationPlatforms) = preSolution
		Development|Default = Development|Default
	EndGlobalSection
	GlobalSection(ProjectConfigurationPlatforms) = postSolution
		{CEAE6CAA-D23D-4BDD-B530-E9CB43C56F4D}.Development|Default.ActiveCfg = Development
		{CEAE6CAA-D23D-4BDD-B530-E9CB43C56F4D}.Development|Default.Build.0 = Development
		{1B0A5765-3B38-4E19-AE6F-A81BD2BBFA36}.Development|Default.ActiveCfg = Development
		{1B0A5765-3B38-4E19-AE6F-A81BD2BBFA36}.Development|Default.Build.0 = Development
		{1B0A5765-3B38-4E19-AE6F-A81BD2BBFA36}.Development|Default.Deploy.0 = Development
	EndGlobalSection
	GlobalSection(SolutionProperties) = preSolution
		HideSolutionNode = FALSE
	EndGlobalSection
	GlobalSection(ExtensibilityGlobals) = postSolution
		SolutionGuid = {96540EB9-07B5-4C56-8F11-9237CF254F53}
	EndGlobalSection
EndGlobal
